github.com/ABHINAVGARG05/code-execution-engine v0.0.0-20250518125046-6fb82df2b1a9 h1:m9PUFZnVdpPfpmos9/C/xYjumzs4XOso823xuJKCFQs=
github.com/ABHINAVGARG05/code-execution-engine v0.0.0-20250518125046-6fb82df2b1a9/go.mod h1:Mww+l0xQDF95+VJtgJY+vnVYCvw2Die7ZSGJcBe57HU=
github.com/ABHINAVGARG05/code-execution-engine v0.0.0-20250520120146-82fc63f23f09 h1:cIf96qbc8W2B4PB+rrttkFx/5kjA4cQspldCxEr5OeQ=
github.com/ABHINAVGARG05/code-execution-engine v0.0.0-20250520120146-82fc63f23f09/go.mod h1:Mww+l0xQDF95+VJtgJY+vnVYCvw2Die7ZSGJcBe57HU=
